
Microsoft Visual Studio Solution File, Format Version 12.00
# Visual Studio 15
VisualStudioVersion = 15.0.28010.2050
MinimumVisualStudioVersion = 10.0.40219.1
Project("{FAE04EC0-301F-11D3-BF4B-00C04F79EFBC}") = "C2courses1", "C2courses1\C2courses1.csproj", "{93DDBF73-773F-435D-BBBF-AB642809BF65}"
EndProject
Global
	GlobalSection(SolutionConfigurationPlatforms) = preSolution
		Debug|Any CPU = Debug|Any CPU
		Release|Any CPU = Release|Any CPU
	EndGlobalSection
	GlobalSection(ProjectConfigurationPlatforms) = postSolution
		{93DDBF73-773F-435D-BBBF-AB642809BF65}.Debug|Any CPU.ActiveCfg = Debug|Any CPU
		{93DDBF73-773F-435D-BBBF-AB642809BF65}.Debug|Any CPU.Build.0 = Debug|Any CPU
		{93DDBF73-773F-435D-BBBF-AB642809BF65}.Release|Any CPU.ActiveCfg = Release|Any CPU
		{93DDBF73-773F-435D-BBBF-AB642809BF65}.Release|Any CPU.Build.0 = Release|Any CPU
	EndGlobalSection
	GlobalSection(SolutionProperties) = preSolution
		HideSolutionNode = FALSE
	EndGlobalSection
	GlobalSection(ExtensibilityGlobals) = postSolution
		SolutionGuid = {F0D9FA03-00EA-4E9B-9D1E-43B2618A1311}
	EndGlobalSection
EndGlobal
